
Microsoft Visual Studio Solution File, Format Version 12.00
# Visual Studio Version 17
VisualStudioVersion = 17.0.32002.185
MinimumVisualStudioVersion = 10.0.40219.1
Project("{FAE04EC0-301F-11D3-BF4B-00C04F79EFBC}") = "LINQ Demo", "LINQ Demo\LINQ Demo.csproj", "{AFB282F9-EBF4-4527-BB52-36923E6AFAB1}"
EndProject
Global
	GlobalSection(SolutionConfigurationPlatforms) = preSolution
		Debug|Any CPU = Debug|Any CPU
		Release|Any CPU = Release|Any CPU
	EndGlobalSection
	GlobalSection(ProjectConfigurationPlatforms) = postSolution
		{AFB282F9-EBF4-4527-BB52-36923E6AFAB1}.Debug|Any CPU.ActiveCfg = Debug|Any CPU
		{AFB282F9-EBF4-4527-BB52-36923E6AFAB1}.Debug|Any CPU.Build.0 = Debug|Any CPU
		{AFB282F9-EBF4-4527-BB52-36923E6AFAB1}.Release|Any CPU.ActiveCfg = Release|Any CPU
		{AFB282F9-EBF4-4527-BB52-36923E6AFAB1}.Release|Any CPU.Build.0 = Release|Any CPU
	EndGlobalSection
	GlobalSection(SolutionProperties) = preSolution
		HideSolutionNode = FALSE
	EndGlobalSection
	GlobalSection(ExtensibilityGlobals) = postSolution
		SolutionGuid = {BA8F70B8-0A28-48A8-84DE-44E12375627C}
	EndGlobalSection
EndGlobal
